
Microsoft Visual Studio Solution File, Format Version 12.00
# Visual Studio 2012
Project("{FAE04EC0-301F-11D3-BF4B-00C04F79EFBC}") = "dataadaptertest", "dataadaptertest\dataadaptertest.csproj", "{F3E34525-1A04-4AE1-91D3-A94671069097}"
EndProject
Project("{FAE04EC0-301F-11D3-BF4B-00C04F79EFBC}") = "oiajf", "L5KDescExtractor\oiajf.csproj", "{DE30BD27-4201-4297-9BC2-CDD4286C7CB1}"
EndProject
Project("{FAE04EC0-301F-11D3-BF4B-00C04F79EFBC}") = "bccxor", "bccxor\bccxor.csproj", "{6122F76E-4D80-481B-9625-3486ECF5094F}"
EndProject
Project("{FAE04EC0-301F-11D3-BF4B-00C04F79EFBC}") = "oiajf_gui", "oiajf_gui\oiajf_gui.csproj", "{F00573A3-167E-461D-8709-420BE0EEBA28}"
EndProject
Global
	GlobalSection(SolutionConfigurationPlatforms) = preSolution
		Debug|Any CPU = Debug|Any CPU
		Release|Any CPU = Release|Any CPU
	EndGlobalSection
	GlobalSection(ProjectConfigurationPlatforms) = postSolution
		{F3E34525-1A04-4AE1-91D3-A94671069097}.Debug|Any CPU.ActiveCfg = Debug|Any CPU
		{F3E34525-1A04-4AE1-91D3-A94671069097}.Debug|Any CPU.Build.0 = Debug|Any CPU
		{F3E34525-1A04-4AE1-91D3-A94671069097}.Release|Any CPU.ActiveCfg = Release|Any CPU
		{F3E34525-1A04-4AE1-91D3-A94671069097}.Release|Any CPU.Build.0 = Release|Any CPU
		{DE30BD27-4201-4297-9BC2-CDD4286C7CB1}.Debug|Any CPU.ActiveCfg = Debug|Any CPU
		{DE30BD27-4201-4297-9BC2-CDD4286C7CB1}.Debug|Any CPU.Build.0 = Debug|Any CPU
		{DE30BD27-4201-4297-9BC2-CDD4286C7CB1}.Release|Any CPU.ActiveCfg = Release|Any CPU
		{DE30BD27-4201-4297-9BC2-CDD4286C7CB1}.Release|Any CPU.Build.0 = Release|Any CPU
		{6122F76E-4D80-481B-9625-3486ECF5094F}.Debug|Any CPU.ActiveCfg = Debug|Any CPU
		{6122F76E-4D80-481B-9625-3486ECF5094F}.Debug|Any CPU.Build.0 = Debug|Any CPU
		{6122F76E-4D80-481B-9625-3486ECF5094F}.Release|Any CPU.ActiveCfg = Release|Any CPU
		{6122F76E-4D80-481B-9625-3486ECF5094F}.Release|Any CPU.Build.0 = Release|Any CPU
		{F00573A3-167E-461D-8709-420BE0EEBA28}.Debug|Any CPU.ActiveCfg = Debug|Any CPU
		{F00573A3-167E-461D-8709-420BE0EEBA28}.Debug|Any CPU.Build.0 = Debug|Any CPU
		{F00573A3-167E-461D-8709-420BE0EEBA28}.Release|Any CPU.ActiveCfg = Release|Any CPU
		{F00573A3-167E-461D-8709-420BE0EEBA28}.Release|Any CPU.Build.0 = Release|Any CPU
	EndGlobalSection
	GlobalSection(SolutionProperties) = preSolution
		HideSolutionNode = FALSE
	EndGlobalSection
EndGlobal
